
Microsoft Visual Studio Solution File, Format Version 12.00
# Visual Studio Version 17
VisualStudioVersion = 17.13.35825.156 d17.13
MinimumVisualStudioVersion = 10.0.40219.1
Project("{FAE04EC0-301F-11D3-BF4B-00C04F79EFBC}") = "TodoListApp1", "TodoListApp1.csproj", "{549D55AC-85B2-409F-8314-7640128F645C}"
EndProject
Global
	GlobalSection(SolutionConfigurationPlatforms) = preSolution
		Debug|Any CPU = Debug|Any CPU
		Release|Any CPU = Release|Any CPU
	EndGlobalSection
	GlobalSection(ProjectConfigurationPlatforms) = postSolution
		{549D55AC-85B2-409F-8314-7640128F645C}.Debug|Any CPU.ActiveCfg = Debug|Any CPU
		{549D55AC-85B2-409F-8314-7640128F645C}.Debug|Any CPU.Build.0 = Debug|Any CPU
		{549D55AC-85B2-409F-8314-7640128F645C}.Release|Any CPU.ActiveCfg = Release|Any CPU
		{549D55AC-85B2-409F-8314-7640128F645C}.Release|Any CPU.Build.0 = Release|Any CPU
	EndGlobalSection
	GlobalSection(SolutionProperties) = preSolution
		HideSolutionNode = FALSE
	EndGlobalSection
	GlobalSection(ExtensibilityGlobals) = postSolution
		SolutionGuid = {4232F18D-C479-4018-B979-C5AC13007A96}
	EndGlobalSection
EndGlobal
